
Microsoft Visual Studio Solution File, Format Version 12.00
# Visual Studio Version 16
VisualStudioVersion = 16.0.30503.244
MinimumVisualStudioVersion = 10.0.40219.1
Project("{FAE04EC0-301F-11D3-BF4B-00C04F79EFBC}") = "Car Factory", "Car Factory\Car Factory.csproj", "{9F164863-311D-4B60-9C15-2A0E1D602A7A}"
EndProject
Global
	GlobalSection(SolutionConfigurationPlatforms) = preSolution
		Debug|Any CPU = Debug|Any CPU
		Release|Any CPU = Release|Any CPU
	EndGlobalSection
	GlobalSection(ProjectConfigurationPlatforms) = postSolution
		{9F164863-311D-4B60-9C15-2A0E1D602A7A}.Debug|Any CPU.ActiveCfg = Debug|Any CPU
		{9F164863-311D-4B60-9C15-2A0E1D602A7A}.Debug|Any CPU.Build.0 = Debug|Any CPU
		{9F164863-311D-4B60-9C15-2A0E1D602A7A}.Release|Any CPU.ActiveCfg = Release|Any CPU
		{9F164863-311D-4B60-9C15-2A0E1D602A7A}.Release|Any CPU.Build.0 = Release|Any CPU
	EndGlobalSection
	GlobalSection(SolutionProperties) = preSolution
		HideSolutionNode = FALSE
	EndGlobalSection
	GlobalSection(ExtensibilityGlobals) = postSolution
		SolutionGuid = {FCD1061D-EB2A-47CD-A298-0A1784E7B015}
	EndGlobalSection
EndGlobal
